
Microsoft Visual Studio Solution File, Format Version 12.00
# Visual Studio Version 16
VisualStudioVersion = 16.0.29728.190
MinimumVisualStudioVersion = 10.0.40219.1
Project("{9A19103F-16F7-4668-BE54-9A1E7A4F7556}") = "Lab1", "Lab1\Lab1.csproj", "{7B13D73D-4C06-4994-821F-C05F93AACF43}"
EndProject
Project("{FAE04EC0-301F-11D3-BF4B-00C04F79EFBC}") = "Lab3", "Lab3\Lab3.csproj", "{BD0E29BF-087D-4D2B-B1F6-34B89D942B4E}"
EndProject
Global
	GlobalSection(SolutionConfigurationPlatforms) = preSolution
		Debug|Any CPU = Debug|Any CPU
		Release|Any CPU = Release|Any CPU
	EndGlobalSection
	GlobalSection(ProjectConfigurationPlatforms) = postSolution
		{7B13D73D-4C06-4994-821F-C05F93AACF43}.Debug|Any CPU.ActiveCfg = Debug|Any CPU
		{7B13D73D-4C06-4994-821F-C05F93AACF43}.Debug|Any CPU.Build.0 = Debug|Any CPU
		{7B13D73D-4C06-4994-821F-C05F93AACF43}.Release|Any CPU.ActiveCfg = Release|Any CPU
		{7B13D73D-4C06-4994-821F-C05F93AACF43}.Release|Any CPU.Build.0 = Release|Any CPU
		{BD0E29BF-087D-4D2B-B1F6-34B89D942B4E}.Debug|Any CPU.ActiveCfg = Debug|Any CPU
		{BD0E29BF-087D-4D2B-B1F6-34B89D942B4E}.Debug|Any CPU.Build.0 = Debug|Any CPU
		{BD0E29BF-087D-4D2B-B1F6-34B89D942B4E}.Release|Any CPU.ActiveCfg = Release|Any CPU
		{BD0E29BF-087D-4D2B-B1F6-34B89D942B4E}.Release|Any CPU.Build.0 = Release|Any CPU
	EndGlobalSection
	GlobalSection(SolutionProperties) = preSolution
		HideSolutionNode = FALSE
	EndGlobalSection
	GlobalSection(ExtensibilityGlobals) = postSolution
		SolutionGuid = {ED9F1EB4-EF81-4B8F-810A-46A4BD6CD54C}
	EndGlobalSection
EndGlobal
